{
  "name": "new_maps",
  "version": "1.0.0",
  "lockfileVersion": 3,
  "requires": true,
  "packages": {
    "": {
      "name": "new_maps",
      "version": "1.0.0",
      "license": "ISC",
      "dependencies": {
        "@faker-js/faker": "^9.1.0",
        "@types/google.maps": "^3.51.0"
      },
      "devDependencies": {
        "typescript": "^5.6.3"
      }
    },
    "node_modules/@faker-js/faker": {
      "version": "9.1.0",
      "resolved": "https://registry.npmjs.org/@faker-js/faker/-/faker-9.1.0.tgz",
      "integrity": "sha512-GJvX9iM9PBtKScJVlXQ0tWpihK3i0pha/XAhzQa1hPK/ILLa1Wq3I63Ij7lRtqTwmdTxRCyrUhLC5Sly9SLbug==",
      "funding": [
        {
          "type": "opencollective",
          "url": "https://opencollective.com/fakerjs"
        }
      ],
      "engines": {
        "node": ">=18.0.0",
        "npm": ">=9.0.0"
      }
    },
    "node_modules/@types/google.maps": {
      "version": "3.51.0",
      "resolved": "https://registry.npmjs.org/@types/google.maps/-/google.maps-3.51.0.tgz",
      "integrity": "sha512-44/oQYjc5D6kxBcI3Qk9rk3IIOMwnlEMWDV7pwPJ2YI89s5Q1OzDrFvR7QJ3LFrpVXEhig+gyagFg54+foinFg=="
    },
    "node_modules/typescript": {
      "version": "5.6.3",
      "resolved": "https://registry.npmjs.org/typescript/-/typescript-5.6.3.tgz",
      "integrity": "sha512-hjcS1mhfuyi4WW8IWtjP7brDrG2cuDZukyrYrSauoXGNgx0S7zceP07adYkJycEr56BOUTNPzbInooiN3fn1qw==",
      "dev": true,
      "bin": {
        "tsc": "bin/tsc",
        "tsserver": "bin/tsserver"
      },
      "engines": {
        "node": ">=14.17"
      }
    }
  }
}
